// !$*UTF8*$!
{
	archiveVersion = 1;
	classes = {
	};
	objectVersion = 77;
	objects = {

/* Begin PBXBuildFile section */
		C060C44D2E4B7D0100C712C4 /* FirebaseAuth in Frameworks */ = {isa = PBXBuildFile; productRef = C060C44C2E4B7D0100C712C4 /* FirebaseAuth */; };
		C060C44F2E4B7D0100C712C4 /* FirebaseFirestore in Frameworks */ = {isa = PBXBuildFile; productRef = C060C44E2E4B7D0100C712C4 /* FirebaseFirestore */; };
/* End PBXBuildFile section */

/* Begin PBXContainerItemProxy section */
		C060C3D92E460C0900C712C4 /* PBXContainerItemProxy */ = {
			isa = PBXContainerItemProxy;
			containerPortal = C060C3C22E460C0500C712C4 /* Project object */;
			proxyType = 1;
			remoteGlobalIDString = C060C3C92E460C0500C712C4;
			remoteInfo = prestigo;
		};
		C060C3E32E460C0900C712C4 /* PBXContainerItemProxy */ = {
			isa = PBXContainerItemProxy;
			containerPortal = C060C3C22E460C0500C712C4 /* Project object */;
			proxyType = 1;
			remoteGlobalIDString = C060C3C92E460C0500C712C4;
			remoteInfo = prestigo;
		};
/* End PBXContainerItemProxy section */

/* Begin PBXFileReference section */
		C060C3CA2E460C0500C712C4 /* prestigo.app */ = {isa = PBXFileReference; explicitFileType = wrapper.application; includeInIndex = 0; path = prestigo.app; sourceTree = BUILT_PRODUCTS_DIR; };
		C060C3D82E460C0900C712C4 /* prestigoTests.xctest */ = {isa = PBXFileReference; explicitFileType = wrapper.cfbundle; includeInIndex = 0; path = prestigoTests.xctest; sourceTree = BUILT_PRODUCTS_DIR; };
		C060C3E22E460C0900C712C4 /* prestigoUITests.xctest */ = {isa = PBXFileReference; explicitFileType = wrapper.cfbundle; includeInIndex = 0; path = prestigoUITests.xctest; sourceTree = BUILT_PRODUCTS_DIR; };
		C060C4462E4B776A00C712C4 /* prestigo-Info.plist */ = {isa = PBXFileReference; lastKnownFileType = text.plist; path = "prestigo-Info.plist"; sourceTree = "<group>"; };
		C060C4532E4B883200C712C4 /* prestigo.entitlements */ = {isa = PBXFileReference; lastKnownFileType = text.plist.entitlements; path = prestigo.entitlements; sourceTree = "<group>"; };
/* End PBXFileReference section */

/* Begin PBXFileSystemSynchronizedRootGroup section */
		C060C3DB2E460C0900C712C4 /* prestigoTests */ = {
			isa = PBXFileSystemSynchronizedRootGroup;
			path = prestigoTests;
			sourceTree = "<group>";
		};
		C060C3E52E460C0900C712C4 /* prestigoUITests */ = {
			isa = PBXFileSystemSynchronizedRootGroup;
			path = prestigoUITests;
			sourceTree = "<group>";
		};
		C060C3FB2E4618FD00C712C4 /* Features */ = {
			isa = PBXFileSystemSynchronizedRootGroup;
			path = Features;
			sourceTree = "<group>";
		};
		C060C3FC2E46190700C712C4 /* Models */ = {
			isa = PBXFileSystemSynchronizedRootGroup;
			path = Models;
			sourceTree = "<group>";
		};
		C060C3FD2E46191100C712C4 /* Components */ = {
			isa = PBXFileSystemSynchronizedRootGroup;
			path = Components;
			sourceTree = "<group>";
		};
		C060C3FE2E46192300C712C4 /* Utilities */ = {
			isa = PBXFileSystemSynchronizedRootGroup;
			path = Utilities;
			sourceTree = "<group>";
		};
		C060C3FF2E46194400C712C4 /* App */ = {
			isa = PBXFileSystemSynchronizedRootGroup;
			path = App;
			sourceTree = "<group>";
		};
/* End PBXFileSystemSynchronizedRootGroup section */

/* Begin PBXFrameworksBuildPhase section */
		C060C3C72E460C0500C712C4 /* Frameworks */ = {
			isa = PBXFrameworksBuildPhase;
			buildActionMask = 2147483647;
			files = (
				C060C44D2E4B7D0100C712C4 /* FirebaseAuth in Frameworks */,
				C060C44F2E4B7D0100C712C4 /* FirebaseFirestore in Frameworks */,
			);
			runOnlyForDeploymentPostprocessing = 0;
		};
		C060C3D52E460C0900C712C4 /* Frameworks */ = {
			isa = PBXFrameworksBuildPhase;
			buildActionMask = 2147483647;
			files = (
			);
			runOnlyForDeploymentPostprocessing = 0;
		};
		C060C3DF2E460C0900C712C4 /* Frameworks */ = {
			isa = PBXFrameworksBuildPhase;
			buildActionMask = 2147483647;
			files = (
			);
			runOnlyForDeploymentPostprocessing = 0;
		};
/* End PBXFrameworksBuildPhase section */

/* Begin PBXGroup section */
		C060C3C12E460C0500C712C4 = {
			isa = PBXGroup;
			children = (
				C060C4532E4B883200C712C4 /* prestigo.entitlements */,
				C060C4462E4B776A00C712C4 /* prestigo-Info.plist */,
				C060C3FF2E46194400C712C4 /* App */,
				C060C3FE2E46192300C712C4 /* Utilities */,
				C060C3FD2E46191100C712C4 /* Components */,
				C060C3FC2E46190700C712C4 /* Models */,
				C060C3FB2E4618FD00C712C4 /* Features */,
				C060C3DB2E460C0900C712C4 /* prestigoTests */,
				C060C3E52E460C0900C712C4 /* prestigoUITests */,
				C060C3CB2E460C0500C712C4 /* Products */,
			);
			sourceTree = "<group>";
		};
		C060C3CB2E460C0500C712C4 /* Products */ = {
			isa = PBXGroup;
			children = (
				C060C3CA2E460C0500C712C4 /* prestigo.app */,
				C060C3D82E460C0900C712C4 /* prestigoTests.xctest */,
				C060C3E22E460C0900C712C4 /* prestigoUITests.xctest */,
			);
			name = Products;
			sourceTree = "<group>";
		};
/* End PBXGroup section */

/* Begin PBXNativeTarget section */
		C060C3C92E460C0500C712C4 /* prestigo */ = {
			isa = PBXNativeTarget;
			buildConfigurationList = C060C3EC2E460C0900C712C4 /* Build configuration list for PBXNativeTarget "prestigo" */;
			buildPhases = (
				C060C3C62E460C0500C712C4 /* Sources */,
				C060C3C72E460C0500C712C4 /* Frameworks */,
				C060C3C82E460C0500C712C4 /* Resources */,
			);
			buildRules = (
			);
			dependencies = (
			);
			fileSystemSynchronizedGroups = (
				C060C3FB2E4618FD00C712C4 /* Features */,
				C060C3FC2E46190700C712C4 /* Models */,
				C060C3FD2E46191100C712C4 /* Components */,
				C060C3FE2E46192300C712C4 /* Utilities */,
				C060C3FF2E46194400C712C4 /* App */,
			);
			name = prestigo;
			packageProductDependencies = (
				C060C44C2E4B7D0100C712C4 /* FirebaseAuth */,
				C060C44E2E4B7D0100C712C4 /* FirebaseFirestore */,
			);
			productName = prestigo;
			productReference = C060C3CA2E460C0500C712C4 /* prestigo.app */;
			productType = "com.apple.product-type.application";
		};
		C060C3D72E460C0900C712C4 /* prestigoTests */ = {
			isa = PBXNativeTarget;
			buildConfigurationList = C060C3EF2E460C0900C712C4 /* Build configuration list for PBXNativeTarget "prestigoTests" */;
			buildPhases = (
				C060C3D42E460C0900C712C4 /* Sources */,
				C060C3D52E460C0900C712C4 /* Frameworks */,
				C060C3D62E460C0900C712C4 /* Resources */,
			);
			buildRules = (
			);
			dependencies = (
				C060C3DA2E460C0900C712C4 /* PBXTargetDependency */,
			);
			fileSystemSynchronizedGroups = (
				C060C3DB2E460C0900C712C4 /* prestigoTests */,
			);
			name = prestigoTests;
			packageProductDependencies = (
			);
			productName = prestigoTests;
			productReference = C060C3D82E460C0900C712C4 /* prestigoTests.xctest */;
			productType = "com.apple.product-type.bundle.unit-test";
		};
		C060C3E12E460C0900C712C4 /* prestigoUITests */ = {
			isa = PBXNativeTarget;
			buildConfigurationList = C060C3F22E460C0900C712C4 /* Build configuration list for PBXNativeTarget "prestigoUITests" */;
			buildPhases = (
				C060C3DE2E460C0900C712C4 /* Sources */,
				C060C3DF2E460C0900C712C4 /* Frameworks */,
				C060C3E02E460C0900C712C4 /* Resources */,
			);
			buildRules = (
			);
			dependencies = (
				C060C3E42E460C0900C712C4 /* PBXTargetDependency */,
			);
			fileSystemSynchronizedGroups = (
				C060C3E52E460C0900C712C4 /* prestigoUITests */,
			);
			name = prestigoUITests;
			packageProductDependencies = (
			);
			productName = prestigoUITests;
			productReference = C060C3E22E460C0900C712C4 /* prestigoUITests.xctest */;
			productType = "com.apple.product-type.bundle.ui-testing";
		};
/* End PBXNativeTarget section */

/* Begin PBXProject section */
		C060C3C22E460C0500C712C4 /* Project object */ = {
			isa = PBXProject;
			attributes = {
				BuildIndependentTargetsInParallel = 1;
				LastSwiftUpdateCheck = 1640;
				LastUpgradeCheck = 1640;
				TargetAttributes = {
					C060C3C92E460C0500C712C4 = {
						CreatedOnToolsVersion = 16.4;
					};
					C060C3D72E460C0900C712C4 = {
						CreatedOnToolsVersion = 16.4;
						TestTargetID = C060C3C92E460C0500C712C4;
					};
					C060C3E12E460C0900C712C4 = {
						CreatedOnToolsVersion = 16.4;
						TestTargetID = C060C3C92E460C0500C712C4;
					};
				};
			};
			buildConfigurationList = C060C3C52E460C0500C712C4 /* Build configuration list for PBXProject "prestigo" */;
			developmentRegion = en;
			hasScannedForEncodings = 0;
			knownRegions = (
				en,
				Base,
			);
			mainGroup = C060C3C12E460C0500C712C4;
			minimizedProjectReferenceProxies = 1;
			packageReferences = (
				C060C44B2E4B7D0100C712C4 /* XCRemoteSwiftPackageReference "firebase-ios-sdk" */,
			);
			preferredProjectObjectVersion = 77;
			productRefGroup = C060C3CB2E460C0500C712C4 /* Products */;
			projectDirPath = "";
			projectRoot = "";
			targets = (
				C060C3C92E460C0500C712C4 /* prestigo */,
				C060C3D72E460C0900C712C4 /* prestigoTests */,
				C060C3E12E460C0900C712C4 /* prestigoUITests */,
			);
		};
/* End PBXProject section */

/* Begin PBXResourcesBuildPhase section */
		C060C3C82E460C0500C712C4 /* Resources */ = {
			isa = PBXResourcesBuildPhase;
			buildActionMask = 2147483647;
			files = (
			);
			runOnlyForDeploymentPostprocessing = 0;
		};
		C060C3D62E460C0900C712C4 /* Resources */ = {
			isa = PBXResourcesBuildPhase;
			buildActionMask = 2147483647;
			files = (
			);
			runOnlyForDeploymentPostprocessing = 0;
		};
		C060C3E02E460C0900C712C4 /* Resources */ = {
			isa = PBXResourcesBuildPhase;
			buildActionMask = 2147483647;
			files = (
			);
			runOnlyForDeploymentPostprocessing = 0;
		};
/* End PBXResourcesBuildPhase section */

/* Begin PBXSourcesBuildPhase section */
		C060C3C62E460C0500C712C4 /* Sources */ = {
			isa = PBXSourcesBuildPhase;
			buildActionMask = 2147483647;
			files = (
			);
			runOnlyForDeploymentPostprocessing = 0;
		};
		C060C3D42E460C0900C712C4 /* Sources */ = {
			isa = PBXSourcesBuildPhase;
			buildActionMask = 2147483647;
			files = (
			);
			runOnlyForDeploymentPostprocessing = 0;
		};
		C060C3DE2E460C0900C712C4 /* Sources */ = {
			isa = PBXSourcesBuildPhase;
			buildActionMask = 2147483647;
			files = (
			);
			runOnlyForDeploymentPostprocessing = 0;
		};
/* End PBXSourcesBuildPhase section */

/* Begin PBXTargetDependency section */
		C060C3DA2E460C0900C712C4 /* PBXTargetDependency */ = {
			isa = PBXTargetDependency;
			target = C060C3C92E460C0500C712C4 /* prestigo */;
			targetProxy = C060C3D92E460C0900C712C4 /* PBXContainerItemProxy */;
		};
		C060C3E42E460C0900C712C4 /* PBXTargetDependency */ = {
			isa = PBXTargetDependency;
			target = C060C3C92E460C0500C712C4 /* prestigo */;
			targetProxy = C060C3E32E460C0900C712C4 /* PBXContainerItemProxy */;
		};
/* End PBXTargetDependency section */

/* Begin XCBuildConfiguration section */
		C060C3EA2E460C0900C712C4 /* Debug */ = {
			isa = XCBuildConfiguration;
			buildSettings = {
				ALWAYS_SEARCH_USER_PATHS = NO;
				ASSETCATALOG_COMPILER_GENERATE_SWIFT_ASSET_SYMBOL_EXTENSIONS = YES;
				CLANG_ANALYZER_NONNULL = YES;
				CLANG_ANALYZER_NUMBER_OBJECT_CONVERSION = YES_AGGRESSIVE;
				CLANG_CXX_LANGUAGE_STANDARD = "gnu++20";
				CLANG_ENABLE_MODULES = YES;
				CLANG_ENABLE_OBJC_ARC = YES;
				CLANG_ENABLE_OBJC_WEAK = YES;
				CLANG_WARN_BLOCK_CAPTURE_AUTORELEASING = YES;
				CLANG_WARN_BOOL_CONVERSION = YES;
				CLANG_WARN_COMMA = YES;
				CLANG_WARN_CONSTANT_CONVERSION = YES;
				CLANG_WARN_DEPRECATED_OBJC_IMPLEMENTATIONS = YES;
				CLANG_WARN_DIRECT_OBJC_ISA_USAGE = YES_ERROR;
				CLANG_WARN_DOCUMENTATION_COMMENTS = YES;
				CLANG_WARN_EMPTY_BODY = YES;
				CLANG_WARN_ENUM_CONVERSION = YES;
				CLANG_WARN_INFINITE_RECURSION = YES;
				CLANG_WARN_INT_CONVERSION = YES;
				CLANG_WARN_NON_LITERAL_NULL_CONVERSION = YES;
				CLANG_WARN_OBJC_IMPLICIT_RETAIN_SELF = YES;
				CLANG_WARN_OBJC_LITERAL_CONVERSION = YES;
				CLANG_WARN_OBJC_ROOT_CLASS = YES_ERROR;
				CLANG_WARN_QUOTED_INCLUDE_IN_FRAMEWORK_HEADER = YES;
				CLANG_WARN_RANGE_LOOP_ANALYSIS = YES;
				CLANG_WARN_STRICT_PROTOTYPES = YES;
				CLANG_WARN_SUSPICIOUS_MOVE = YES;
				CLANG_WARN_UNGUARDED_AVAILABILITY = YES_AGGRESSIVE;
				CLANG_WARN_UNREACHABLE_CODE = YES;
				CLANG_WARN__DUPLICATE_METHOD_MATCH = YES;
				COPY_PHASE_STRIP = NO;
				DEBUG_INFORMATION_FORMAT = dwarf;
				ENABLE_STRICT_OBJC_MSGSEND = YES;
				ENABLE_TESTABILITY = YES;
				ENABLE_USER_SCRIPT_SANDBOXING = YES;
				GCC_C_LANGUAGE_STANDARD = gnu17;
				GCC_DYNAMIC_NO_PIC = NO;
				GCC_NO_COMMON_BLOCKS = YES;
				GCC_OPTIMIZATION_LEVEL = 0;
				GCC_PREPROCESSOR_DEFINITIONS = (
					"DEBUG=1",
					"$(inherited)",
				);
				GCC_WARN_64_TO_32_BIT_CONVERSION = YES;
				GCC_WARN_ABOUT_RETURN_TYPE = YES_ERROR;
				GCC_WARN_UNDECLARED_SELECTOR = YES;
				GCC_WARN_UNINITIALIZED_AUTOS = YES_AGGRESSIVE;
				GCC_WARN_UNUSED_FUNCTION = YES;
				GCC_WARN_UNUSED_VARIABLE = YES;
				LOCALIZATION_PREFERS_STRING_CATALOGS = YES;
				MTL_ENABLE_DEBUG_INFO = INCLUDE_SOURCE;
				MTL_FAST_MATH = YES;
				ONLY_ACTIVE_ARCH = YES;
				SWIFT_ACTIVE_COMPILATION_CONDITIONS = "DEBUG $(inherited)";
				SWIFT_OPTIMIZATION_LEVEL = "-Onone";
			};
			name = Debug;
		};
		C060C3EB2E460C0900C712C4 /* Release */ = {
			isa = XCBuildConfiguration;
			buildSettings = {
				ALWAYS_SEARCH_USER_PATHS = NO;
				ASSETCATALOG_COMPILER_GENERATE_SWIFT_ASSET_SYMBOL_EXTENSIONS = YES;
				CLANG_ANALYZER_NONNULL = YES;
				CLANG_ANALYZER_NUMBER_OBJECT_CONVERSION = YES_AGGRESSIVE;
				CLANG_CXX_LANGUAGE_STANDARD = "gnu++20";
				CLANG_ENABLE_MODULES = YES;
				CLANG_ENABLE_OBJC_ARC = YES;
				CLANG_ENABLE_OBJC_WEAK = YES;
				CLANG_WARN_BLOCK_CAPTURE_AUTORELEASING = YES;
				CLANG_WARN_BOOL_CONVERSION = YES;
				CLANG_WARN_COMMA = YES;
				CLANG_WARN_CONSTANT_CONVERSION = YES;
				CLANG_WARN_DEPRECATED_OBJC_IMPLEMENTATIONS = YES;
				CLANG_WARN_DIRECT_OBJC_ISA_USAGE = YES_ERROR;
				CLANG_WARN_DOCUMENTATION_COMMENTS = YES;
				CLANG_WARN_EMPTY_BODY = YES;
				CLANG_WARN_ENUM_CONVERSION = YES;
				CLANG_WARN_INFINITE_RECURSION = YES;
				CLANG_WARN_INT_CONVERSION = YES;
				CLANG_WARN_NON_LITERAL_NULL_CONVERSION = YES;
				CLANG_WARN_OBJC_IMPLICIT_RETAIN_SELF = YES;
				CLANG_WARN_OBJC_LITERAL_CONVERSION = YES;
				CLANG_WARN_OBJC_ROOT_CLASS = YES_ERROR;
				CLANG_WARN_QUOTED_INCLUDE_IN_FRAMEWORK_HEADER = YES;
				CLANG_WARN_RANGE_LOOP_ANALYSIS = YES;
				CLANG_WARN_STRICT_PROTOTYPES = YES;
				CLANG_WARN_SUSPICIOUS_MOVE = YES;
				CLANG_WARN_UNGUARDED_AVAILABILITY = YES_AGGRESSIVE;
				CLANG_WARN_UNREACHABLE_CODE = YES;
				CLANG_WARN__DUPLICATE_METHOD_MATCH = YES;
				COPY_PHASE_STRIP = NO;
				DEBUG_INFORMATION_FORMAT = "dwarf-with-dsym";
				ENABLE_NS_ASSERTIONS = NO;
				ENABLE_STRICT_OBJC_MSGSEND = YES;
				ENABLE_USER_SCRIPT_SANDBOXING = YES;
				GCC_C_LANGUAGE_STANDARD = gnu17;
				GCC_NO_COMMON_BLOCKS = YES;
				GCC_WARN_64_TO_32_BIT_CONVERSION = YES;
				GCC_WARN_ABOUT_RETURN_TYPE = YES_ERROR;
				GCC_WARN_UNDECLARED_SELECTOR = YES;
				GCC_WARN_UNINITIALIZED_AUTOS = YES_AGGRESSIVE;
				GCC_WARN_UNUSED_FUNCTION = YES;
				GCC_WARN_UNUSED_VARIABLE = YES;
				LOCALIZATION_PREFERS_STRING_CATALOGS = YES;
				MTL_ENABLE_DEBUG_INFO = NO;
				MTL_FAST_MATH = YES;
				SWIFT_COMPILATION_MODE = wholemodule;
			};
			name = Release;
		};
		C060C3ED2E460C0900C712C4 /* Debug */ = {
			isa = XCBuildConfiguration;
			buildSettings = {
				ASSETCATALOG_COMPILER_APPICON_NAME = AppIcon;
				ASSETCATALOG_COMPILER_GLOBAL_ACCENT_COLOR_NAME = AccentColor;
				CODE_SIGN_ENTITLEMENTS = prestigo.entitlements;
				CODE_SIGN_STYLE = Automatic;
				CURRENT_PROJECT_VERSION = 1;
				DEVELOPMENT_TEAM = 57W4AF88BL;
				ENABLE_PREVIEWS = YES;
				GENERATE_INFOPLIST_FILE = YES;
				INFOPLIST_FILE = "prestigo-Info.plist";
				INFOPLIST_KEY_CFBundleDisplayName = "";
				INFOPLIST_KEY_LSApplicationCategoryType = "";
				"INFOPLIST_KEY_UIApplicationSceneManifest_Generation[sdk=iphoneos*]" = YES;
				"INFOPLIST_KEY_UIApplicationSceneManifest_Generation[sdk=iphonesimulator*]" = YES;
				"INFOPLIST_KEY_UIApplicationSupportsIndirectInputEvents[sdk=iphoneos*]" = YES;
				"INFOPLIST_KEY_UIApplicationSupportsIndirectInputEvents[sdk=iphonesimulator*]" = YES;
				"INFOPLIST_KEY_UILaunchScreen_Generation[sdk=iphoneos*]" = YES;
				"INFOPLIST_KEY_UILaunchScreen_Generation[sdk=iphonesimulator*]" = YES;
				"INFOPLIST_KEY_UIStatusBarStyle[sdk=iphoneos*]" = UIStatusBarStyleDefault;
				"INFOPLIST_KEY_UIStatusBarStyle[sdk=iphonesimulator*]" = UIStatusBarStyleDefault;
				INFOPLIST_KEY_UISupportedInterfaceOrientations_iPad = "UIInterfaceOrientationPortrait UIInterfaceOrientationPortraitUpsideDown UIInterfaceOrientationLandscapeLeft UIInterfaceOrientationLandscapeRight";
				INFOPLIST_KEY_UISupportedInterfaceOrientations_iPhone = "UIInterfaceOrientationPortrait UIInterfaceOrientationLandscapeLeft UIInterfaceOrientationLandscapeRight";
				IPHONEOS_DEPLOYMENT_TARGET = 18.5;
				LD_RUNPATH_SEARCH_PATHS = "@executable_path/Frameworks";
				"LD_RUNPATH_SEARCH_PATHS[sdk=macosx*]" = "@executable_path/../Frameworks";
				MACOSX_DEPLOYMENT_TARGET = 15.5;
				MARKETING_VERSION = 1.0;
				PRODUCT_BUNDLE_IDENTIFIER = com.berkuckardes.prestigo.prestigo;
				PRODUCT_NAME = "$(TARGET_NAME)";
				REGISTER_APP_GROUPS = YES;
				SDKROOT = auto;
				SUPPORTED_PLATFORMS = "iphoneos iphonesimulator macosx xros xrsimulator";
				SWIFT_EMIT_LOC_STRINGS = YES;
				SWIFT_VERSION = 5.0;
				TARGETED_DEVICE_FAMILY = "1,2,7";
				XROS_DEPLOYMENT_TARGET = 2.5;
			};
			name = Debug;
		};
		C060C3EE2E460C0900C712C4 /* Release */ = {
			isa = XCBuildConfiguration;
			buildSettings = {
				ASSETCATALOG_COMPILER_APPICON_NAME = AppIcon;
				ASSETCATALOG_COMPILER_GLOBAL_ACCENT_COLOR_NAME = AccentColor;
				CODE_SIGN_ENTITLEMENTS = prestigo.entitlements;
				CODE_SIGN_STYLE = Automatic;
				CURRENT_PROJECT_VERSION = 1;
				DEVELOPMENT_TEAM = 57W4AF88BL;
				ENABLE_PREVIEWS = YES;
				GENERATE_INFOPLIST_FILE = YES;
				INFOPLIST_FILE = "prestigo-Info.plist";
				INFOPLIST_KEY_CFBundleDisplayName = "";
				INFOPLIST_KEY_LSApplicationCategoryType = "";
				"INFOPLIST_KEY_UIApplicationSceneManifest_Generation[sdk=iphoneos*]" = YES;
				"INFOPLIST_KEY_UIApplicationSceneManifest_Generation[sdk=iphonesimulator*]" = YES;
				"INFOPLIST_KEY_UIApplicationSupportsIndirectInputEvents[sdk=iphoneos*]" = YES;
				"INFOPLIST_KEY_UIApplicationSupportsIndirectInputEvents[sdk=iphonesimulator*]" = YES;
				"INFOPLIST_KEY_UILaunchScreen_Generation[sdk=iphoneos*]" = YES;
				"INFOPLIST_KEY_UILaunchScreen_Generation[sdk=iphonesimulator*]" = YES;
				"INFOPLIST_KEY_UIStatusBarStyle[sdk=iphoneos*]" = UIStatusBarStyleDefault;
				"INFOPLIST_KEY_UIStatusBarStyle[sdk=iphonesimulator*]" = UIStatusBarStyleDefault;
				INFOPLIST_KEY_UISupportedInterfaceOrientations_iPad = "UIInterfaceOrientationPortrait UIInterfaceOrientationPortraitUpsideDown UIInterfaceOrientationLandscapeLeft UIInterfaceOrientationLandscapeRight";
				INFOPLIST_KEY_UISupportedInterfaceOrientations_iPhone = "UIInterfaceOrientationPortrait UIInterfaceOrientationLandscapeLeft UIInterfaceOrientationLandscapeRight";
				IPHONEOS_DEPLOYMENT_TARGET = 18.5;
				LD_RUNPATH_SEARCH_PATHS = "@executable_path/Frameworks";
				"LD_RUNPATH_SEARCH_PATHS[sdk=macosx*]" = "@executable_path/../Frameworks";
				MACOSX_DEPLOYMENT_TARGET = 15.5;
				MARKETING_VERSION = 1.0;
				PRODUCT_BUNDLE_IDENTIFIER = com.berkuckardes.prestigo.prestigo;
				PRODUCT_NAME = "$(TARGET_NAME)";
				REGISTER_APP_GROUPS = YES;
				SDKROOT = auto;
				SUPPORTED_PLATFORMS = "iphoneos iphonesimulator macosx xros xrsimulator";
				SWIFT_EMIT_LOC_STRINGS = YES;
				SWIFT_VERSION = 5.0;
				TARGETED_DEVICE_FAMILY = "1,2,7";
				XROS_DEPLOYMENT_TARGET = 2.5;
			};
			name = Release;
		};
		C060C3F02E460C0900C712C4 /* Debug */ = {
			isa = XCBuildConfiguration;
			buildSettings = {
				BUNDLE_LOADER = "$(TEST_HOST)";
				CODE_SIGN_STYLE = Automatic;
				CURRENT_PROJECT_VERSION = 1;
				GENERATE_INFOPLIST_FILE = YES;
				IPHONEOS_DEPLOYMENT_TARGET = 18.5;
				MACOSX_DEPLOYMENT_TARGET = 15.5;
				MARKETING_VERSION = 1.0;
				PRODUCT_BUNDLE_IDENTIFIER = com.berkuckardes.prestigo.prestigoTests;
				PRODUCT_NAME = "$(TARGET_NAME)";
				SDKROOT = auto;
				SUPPORTED_PLATFORMS = "iphoneos iphonesimulator macosx xros xrsimulator";
				SWIFT_EMIT_LOC_STRINGS = NO;
				SWIFT_VERSION = 5.0;
				TARGETED_DEVICE_FAMILY = "1,2,7";
				TEST_HOST = "$(BUILT_PRODUCTS_DIR)/prestigo.app/$(BUNDLE_EXECUTABLE_FOLDER_PATH)/prestigo";
				XROS_DEPLOYMENT_TARGET = 2.5;
			};
			name = Debug;
		};
		C060C3F12E460C0900C712C4 /* Release */ = {
			isa = XCBuildConfiguration;
			buildSettings = {
				BUNDLE_LOADER = "$(TEST_HOST)";
				CODE_SIGN_STYLE = Automatic;
				CURRENT_PROJECT_VERSION = 1;
				GENERATE_INFOPLIST_FILE = YES;
				IPHONEOS_DEPLOYMENT_TARGET = 18.5;
				MACOSX_DEPLOYMENT_TARGET = 15.5;
				MARKETING_VERSION = 1.0;
				PRODUCT_BUNDLE_IDENTIFIER = com.berkuckardes.prestigo.prestigoTests;
				PRODUCT_NAME = "$(TARGET_NAME)";
				SDKROOT = auto;
				SUPPORTED_PLATFORMS = "iphoneos iphonesimulator macosx xros xrsimulator";
				SWIFT_EMIT_LOC_STRINGS = NO;
				SWIFT_VERSION = 5.0;
				TARGETED_DEVICE_FAMILY = "1,2,7";
				TEST_HOST = "$(BUILT_PRODUCTS_DIR)/prestigo.app/$(BUNDLE_EXECUTABLE_FOLDER_PATH)/prestigo";
				XROS_DEPLOYMENT_TARGET = 2.5;
			};
			name = Release;
		};
		C060C3F32E460C0900C712C4 /* Debug */ = {
			isa = XCBuildConfiguration;
			buildSettings = {
				CODE_SIGN_STYLE = Automatic;
				CURRENT_PROJECT_VERSION = 1;
				GENERATE_INFOPLIST_FILE = YES;
				IPHONEOS_DEPLOYMENT_TARGET = 18.5;
				MACOSX_DEPLOYMENT_TARGET = 15.5;
				MARKETING_VERSION = 1.0;
				PRODUCT_BUNDLE_IDENTIFIER = com.berkuckardes.prestigo.prestigoUITests;
				PRODUCT_NAME = "$(TARGET_NAME)";
				SDKROOT = auto;
				SUPPORTED_PLATFORMS = "iphoneos iphonesimulator macosx xros xrsimulator";
				SWIFT_EMIT_LOC_STRINGS = NO;
				SWIFT_VERSION = 5.0;
				TARGETED_DEVICE_FAMILY = "1,2,7";
				TEST_TARGET_NAME = prestigo;
				XROS_DEPLOYMENT_TARGET = 2.5;
			};
			name = Debug;
		};
		C060C3F42E460C0900C712C4 /* Release */ = {
			isa = XCBuildConfiguration;
			buildSettings = {
				CODE_SIGN_STYLE = Automatic;
				CURRENT_PROJECT_VERSION = 1;
				GENERATE_INFOPLIST_FILE = YES;
				IPHONEOS_DEPLOYMENT_TARGET = 18.5;
				MACOSX_DEPLOYMENT_TARGET = 15.5;
				MARKETING_VERSION = 1.0;
				PRODUCT_BUNDLE_IDENTIFIER = com.berkuckardes.prestigo.prestigoUITests;
				PRODUCT_NAME = "$(TARGET_NAME)";
				SDKROOT = auto;
				SUPPORTED_PLATFORMS = "iphoneos iphonesimulator macosx xros xrsimulator";
				SWIFT_EMIT_LOC_STRINGS = NO;
				SWIFT_VERSION = 5.0;
				TARGETED_DEVICE_FAMILY = "1,2,7";
				TEST_TARGET_NAME = prestigo;
				XROS_DEPLOYMENT_TARGET = 2.5;
			};
			name = Release;
		};
/* End XCBuildConfiguration section */

/* Begin XCConfigurationList section */
		C060C3C52E460C0500C712C4 /* Build configuration list for PBXProject "prestigo" */ = {
			isa = XCConfigurationList;
			buildConfigurations = (
				C060C3EA2E460C0900C712C4 /* Debug */,
				C060C3EB2E460C0900C712C4 /* Release */,
			);
			defaultConfigurationIsVisible = 0;
			defaultConfigurationName = Release;
		};
		C060C3EC2E460C0900C712C4 /* Build configuration list for PBXNativeTarget "prestigo" */ = {
			isa = XCConfigurationList;
			buildConfigurations = (
				C060C3ED2E460C0900C712C4 /* Debug */,
				C060C3EE2E460C0900C712C4 /* Release */,
			);
			defaultConfigurationIsVisible = 0;
			defaultConfigurationName = Release;
		};
		C060C3EF2E460C0900C712C4 /* Build configuration list for PBXNativeTarget "prestigoTests" */ = {
			isa = XCConfigurationList;
			buildConfigurations = (
				C060C3F02E460C0900C712C4 /* Debug */,
				C060C3F12E460C0900C712C4 /* Release */,
			);
			defaultConfigurationIsVisible = 0;
			defaultConfigurationName = Release;
		};
		C060C3F22E460C0900C712C4 /* Build configuration list for PBXNativeTarget "prestigoUITests" */ = {
			isa = XCConfigurationList;
			buildConfigurations = (
				C060C3F32E460C0900C712C4 /* Debug */,
				C060C3F42E460C0900C712C4 /* Release */,
			);
			defaultConfigurationIsVisible = 0;
			defaultConfigurationName = Release;
		};
/* End XCConfigurationList section */

/* Begin XCRemoteSwiftPackageReference section */
		C060C44B2E4B7D0100C712C4 /* XCRemoteSwiftPackageReference "firebase-ios-sdk" */ = {
			isa = XCRemoteSwiftPackageReference;
			repositoryURL = "https://github.com/firebase/firebase-ios-sdk";
			requirement = {
				kind = upToNextMajorVersion;
				minimumVersion = 12.1.0;
			};
		};
/* End XCRemoteSwiftPackageReference section */

/* Begin XCSwiftPackageProductDependency section */
		C060C44C2E4B7D0100C712C4 /* FirebaseAuth */ = {
			isa = XCSwiftPackageProductDependency;
			package = C060C44B2E4B7D0100C712C4 /* XCRemoteSwiftPackageReference "firebase-ios-sdk" */;
			productName = FirebaseAuth;
		};
		C060C44E2E4B7D0100C712C4 /* FirebaseFirestore */ = {
			isa = XCSwiftPackageProductDependency;
			package = C060C44B2E4B7D0100C712C4 /* XCRemoteSwiftPackageReference "firebase-ios-sdk" */;
			productName = FirebaseFirestore;
		};
/* End XCSwiftPackageProductDependency section */
	};
	rootObject = C060C3C22E460C0500C712C4 /* Project object */;
}
